
Microsoft Visual Studio Solution File, Format Version 12.00
# Visual Studio Version 16
VisualStudioVersion = 16.0.31205.134
MinimumVisualStudioVersion = 10.0.40219.1
Project("{FAE04EC0-301F-11D3-BF4B-00C04F79EFBC}") = "ImageCompression", "ImageCompression.csproj", "{62A65D4C-3DEA-4E3A-8DEF-2E6A7122EBB0}"
EndProject
Global
	GlobalSection(SolutionConfigurationPlatforms) = preSolution
		Debug|Any CPU = Debug|Any CPU
		Release|Any CPU = Release|Any CPU
	EndGlobalSection
	GlobalSection(ProjectConfigurationPlatforms) = postSolution
		{62A65D4C-3DEA-4E3A-8DEF-2E6A7122EBB0}.Debug|Any CPU.ActiveCfg = Debug|Any CPU
		{62A65D4C-3DEA-4E3A-8DEF-2E6A7122EBB0}.Debug|Any CPU.Build.0 = Debug|Any CPU
		{62A65D4C-3DEA-4E3A-8DEF-2E6A7122EBB0}.Release|Any CPU.ActiveCfg = Release|Any CPU
		{62A65D4C-3DEA-4E3A-8DEF-2E6A7122EBB0}.Release|Any CPU.Build.0 = Release|Any CPU
	EndGlobalSection
	GlobalSection(SolutionProperties) = preSolution
		HideSolutionNode = FALSE
	EndGlobalSection
	GlobalSection(ExtensibilityGlobals) = postSolution
		SolutionGuid = {AA2CB917-F1CC-4B56-B6A5-DB70067348C7}
	EndGlobalSection
EndGlobal
